{
  "name": "test",
  "lockfileVersion": 2,
  "requires": true,
  "packages": {
    "": {
      "dependencies": {
        "astn-handlers-api": "^0.16.0",
        "astn-tokenizer-lib": "^0.17.0",
        "pareto-core-async": "^0.26.0",
        "pareto-core-exe": "^0.3.0",
        "pareto-filesystem-lib": "^0.38.0",
        "pareto-filesystem-res": "^0.40.0",
        "pareto-core-lib": "^0.4.0",
        "pareto-test-lib": "^0.29.0",
        "pareto-typesystem-core": "^0.6.0",
        "pareto-ugly-stuff-res": "^0.8.0"
      }
    },
    "node_modules/astn-handlers-api": {
      "version": "0.16.0",
      "resolved": "https://registry.npmjs.org/astn-handlers-api/-/astn-handlers-api-0.16.0.tgz",
      "integrity": "sha512-CYsdVhnlGe9rFVtVW6aco2PDocc8GiFaEUiDYQTFrF19+QCdAnGrytwFbVBlPi2d/NT4hV5+IzXPCVfn/stDuw==",
      "dependencies": {
        "pareto-typesystem-core": "^0.4.0"
      }
    },
    "node_modules/astn-handlers-api/node_modules/pareto-typesystem-core": {
      "version": "0.4.0",
      "resolved": "https://registry.npmjs.org/pareto-typesystem-core/-/pareto-typesystem-core-0.4.0.tgz",
      "integrity": "sha512-5fk2LTxNyo3TCz/+c9MTcbiWzJLBPL6uHuYXloOKdMtsGQ/djf4josk6NtfdTNpcJSGDapYGbiRm8uxfWp6e0w=="
    },
    "node_modules/astn-tokenconsumer-api": {
      "version": "0.5.0",
      "resolved": "https://registry.npmjs.org/astn-tokenconsumer-api/-/astn-tokenconsumer-api-0.5.0.tgz",
      "integrity": "sha512-NKbB0qt/4cLKpxBbiqnKc2akbsf97oqsjUf2l+osMSyLtzQHUgweg2+UhFBWhPj1hGBoCZXZuYLIdz3N/YFBAQ=="
    },
    "node_modules/astn-tokenizer-api": {
      "version": "0.8.0",
      "resolved": "https://registry.npmjs.org/astn-tokenizer-api/-/astn-tokenizer-api-0.8.0.tgz",
      "integrity": "sha512-ZaKqZ8spQlN/kSU7/WOZP6h+63soNjJy4zghZSeFnSLbrXGCzIRt1rSU5a1AbdDMUoIB1/SvGzDM+GSqn0Y6nQ==",
      "dependencies": {
        "astn-tokenconsumer-api": "^0.5.0"
      }
    },
    "node_modules/astn-tokenizer-lib": {
      "version": "0.17.0",
      "resolved": "https://registry.npmjs.org/astn-tokenizer-lib/-/astn-tokenizer-lib-0.17.0.tgz",
      "integrity": "sha512-b/vSzklT1vKIkJC4cJR5moa2GX7Uwjn3gsz0SUx9huX7qFv8RvZNnw0Wa/ff3J96gCl40T0l3dFNuuCOZLKmrw==",
      "dependencies": {
        "astn-tokenizer-api": "^0.8.0",
        "pareto-core-lib": "^0.6.0"
      }
    },
    "node_modules/astn-tokenizer-lib/node_modules/pareto-core-lib": {
      "version": "0.6.0",
      "resolved": "https://registry.npmjs.org/pareto-core-lib/-/pareto-core-lib-0.6.0.tgz",
      "integrity": "sha512-Y365jVSamLVtucErTZnEVLBMAP7m0nBl4+IQ668dXIQHq36tC1na7j1fMRRu2aU5I5ld3U1tV1B46iHudW5+iA==",
      "dependencies": {
        "pareto-api-core": "^0.3.0"
      }
    },
    "node_modules/pareto-api-core": {
      "version": "0.3.0",
      "resolved": "https://registry.npmjs.org/pareto-api-core/-/pareto-api-core-0.3.0.tgz",
      "integrity": "sha512-3Ohd8JOwqzGk4eC3BpZR21dLp6hr1I/6AoUf23huzEDbWYmZfN1c9w3S78tm9DGQZ8/sOJl5nEGCaOudOWhohg==",
      "deprecated": "Package no longer supported. Contact Support at https://www.npmjs.com/support for more info."
    },
    "node_modules/pareto-core-async": {
      "version": "0.26.0",
      "resolved": "https://registry.npmjs.org/pareto-core-async/-/pareto-core-async-0.26.0.tgz",
      "integrity": "sha512-7aQkm1gDlMiw/wXV9eitk0sSFlQwzL8O63jQ39rK0YzQniJS8ASJKp7GScbPpmej2sTyg5mLx0Y2bv1UTMXWHw==",
      "dependencies": {
        "pareto-core-lib": "^0.4.0",
        "pareto-typesystem-core": "^0.6.0"
      }
    },
    "node_modules/pareto-core-exe": {
      "version": "0.3.0",
      "resolved": "https://registry.npmjs.org/pareto-core-exe/-/pareto-core-exe-0.3.0.tgz",
      "integrity": "sha512-XDqDk4fVSxnL9o4jcbcA/ML1e4oc6HzGk3GFsGTEju3pGEt8qEU/v1ZP+nUhQzZoLdpscDPxlMJJzEWA6n/d+w=="
    },
    "node_modules/pareto-diff-api": {
      "version": "0.9.0",
      "resolved": "https://registry.npmjs.org/pareto-diff-api/-/pareto-diff-api-0.9.0.tgz",
      "integrity": "sha512-H/Z6JpQxWSzZ10IcHMCMa4yJkkP9SwDIRCWZqQEXpj9stwChVO5IN/Fd1UQ5XQrR5cB0SzW5OTAi+sAcl4PVSQ==",
      "dependencies": {
        "pareto-typesystem-core": "^0.4.0"
      }
    },
    "node_modules/pareto-diff-api/node_modules/pareto-typesystem-core": {
      "version": "0.4.0",
      "resolved": "https://registry.npmjs.org/pareto-typesystem-core/-/pareto-typesystem-core-0.4.0.tgz",
      "integrity": "sha512-5fk2LTxNyo3TCz/+c9MTcbiWzJLBPL6uHuYXloOKdMtsGQ/djf4josk6NtfdTNpcJSGDapYGbiRm8uxfWp6e0w=="
    },
    "node_modules/pareto-filesystem-api": {
      "version": "0.29.0",
      "resolved": "https://registry.npmjs.org/pareto-filesystem-api/-/pareto-filesystem-api-0.29.0.tgz",
      "integrity": "sha512-iwfGwP+87OC26u26h7q6zU8wEdYDkmfgyDnfhL6L85lmuBmkMZryaw271Y3dRco2Z9Uqm8zX37w2xfcvu4Z+ZQ==",
      "dependencies": {
        "pareto-typesystem-core": "^0.4.0"
      }
    },
    "node_modules/pareto-filesystem-api/node_modules/pareto-typesystem-core": {
      "version": "0.4.0",
      "resolved": "https://registry.npmjs.org/pareto-typesystem-core/-/pareto-typesystem-core-0.4.0.tgz",
      "integrity": "sha512-5fk2LTxNyo3TCz/+c9MTcbiWzJLBPL6uHuYXloOKdMtsGQ/djf4josk6NtfdTNpcJSGDapYGbiRm8uxfWp6e0w=="
    },
    "node_modules/pareto-filesystem-lib": {
      "version": "0.38.0",
      "resolved": "https://registry.npmjs.org/pareto-filesystem-lib/-/pareto-filesystem-lib-0.38.0.tgz",
      "integrity": "sha512-sr/3mkZ1L9jQMw/qXunjspajCG5T8AWIFMY8PEf0LUJugAr8fP46ouRpVwKiggMKDJQ8HredG1WLtaQxdWBBbQ==",
      "dependencies": {
        "pareto-core-async": "^0.25.0",
        "pareto-filesystem-api": "^0.29.0",
        "pareto-handledfilesystem-api": "^0.14.0",
        "pareto-core-lib": "^0.11.0"
      }
    },
    "node_modules/pareto-filesystem-lib/node_modules/pareto-core-async": {
      "version": "0.25.0",
      "resolved": "https://registry.npmjs.org/pareto-core-async/-/pareto-core-async-0.25.0.tgz",
      "integrity": "sha512-MIMox9VV3eAbcIA/9Slw6ibasniaFMYdFyVcCHTrCbi8YXh/aCAlNnZc9/9ZA/tQKmbLW2lzjQbylpOD5VWVaA==",
      "dependencies": {
        "pareto-core-lib": "^0.11.0",
        "pareto-statemachine-core": "^0.1.0"
      }
    },
    "node_modules/pareto-filesystem-lib/node_modules/pareto-core-lib": {
      "version": "0.11.0",
      "resolved": "https://registry.npmjs.org/pareto-core-lib/-/pareto-core-lib-0.11.0.tgz",
      "integrity": "sha512-1oxjBVEjORAot9gbEuA4hfolvTYi2iju6emT47zMpL/VwtHrVg42chtZAHQPU7AVGD+ItIeuoX4DMG9OnHJeDQ==",
      "dependencies": {
        "pareto-typesystem-core": "^0.4.0"
      }
    },
    "node_modules/pareto-filesystem-lib/node_modules/pareto-typesystem-core": {
      "version": "0.4.0",
      "resolved": "https://registry.npmjs.org/pareto-typesystem-core/-/pareto-typesystem-core-0.4.0.tgz",
      "integrity": "sha512-5fk2LTxNyo3TCz/+c9MTcbiWzJLBPL6uHuYXloOKdMtsGQ/djf4josk6NtfdTNpcJSGDapYGbiRm8uxfWp6e0w=="
    },
    "node_modules/pareto-filesystem-res": {
      "version": "0.40.0",
      "resolved": "https://registry.npmjs.org/pareto-filesystem-res/-/pareto-filesystem-res-0.40.0.tgz",
      "integrity": "sha512-2qwVrdOPfZg0FOFC6HjMblwq9Y9gtkViQ1URtM+OaRqlQq2tGmNNl5p6S++mBquGcN1uZ3P+qK7UogHnvvKLLQ==",
      "dependencies": {
        "pareto-filesystem-api": "^0.29.0",
        "pareto-handledfilesystem-api": "^0.14.0",
        "pareto-core-lib": "^0.11.0"
      }
    },
    "node_modules/pareto-filesystem-res/node_modules/pareto-core-lib": {
      "version": "0.11.0",
      "resolved": "https://registry.npmjs.org/pareto-core-lib/-/pareto-core-lib-0.11.0.tgz",
      "integrity": "sha512-1oxjBVEjORAot9gbEuA4hfolvTYi2iju6emT47zMpL/VwtHrVg42chtZAHQPU7AVGD+ItIeuoX4DMG9OnHJeDQ==",
      "dependencies": {
        "pareto-typesystem-core": "^0.4.0"
      }
    },
    "node_modules/pareto-filesystem-res/node_modules/pareto-typesystem-core": {
      "version": "0.4.0",
      "resolved": "https://registry.npmjs.org/pareto-typesystem-core/-/pareto-typesystem-core-0.4.0.tgz",
      "integrity": "sha512-5fk2LTxNyo3TCz/+c9MTcbiWzJLBPL6uHuYXloOKdMtsGQ/djf4josk6NtfdTNpcJSGDapYGbiRm8uxfWp6e0w=="
    },
    "node_modules/pareto-handledfilesystem-api": {
      "version": "0.14.0",
      "resolved": "https://registry.npmjs.org/pareto-handledfilesystem-api/-/pareto-handledfilesystem-api-0.14.0.tgz",
      "integrity": "sha512-dB3KvTVgEoZkToYdibYQCGhMYn9YBCZmT4WXq6DEe3t/512nYRVAyZVwkPTPjCrwVnTaJ6RDiuOri1HZAk7vwQ==",
      "dependencies": {
        "pareto-typesystem-core": "^0.4.0"
      }
    },
    "node_modules/pareto-handledfilesystem-api/node_modules/pareto-typesystem-core": {
      "version": "0.4.0",
      "resolved": "https://registry.npmjs.org/pareto-typesystem-core/-/pareto-typesystem-core-0.4.0.tgz",
      "integrity": "sha512-5fk2LTxNyo3TCz/+c9MTcbiWzJLBPL6uHuYXloOKdMtsGQ/djf4josk6NtfdTNpcJSGDapYGbiRm8uxfWp6e0w=="
    },
    "node_modules/pareto-core-lib": {
      "version": "0.13.0",
      "resolved": "https://registry.npmjs.org/pareto-core-lib/-/pareto-core-lib-0.13.0.tgz",
      "integrity": "sha512-fVEIhq2G7ZJ9VDowMaftS8MhyGCShQkk8h0JFFWLsEm3usM//gffdeOfxKBdoPa8gdKskVozv3wbWf6jFTnEUQ==",
      "dependencies": {
        "pareto-typesystem-core": "^0.6.0"
      }
    },
    "node_modules/pareto-statemachine-core": {
      "version": "0.1.0",
      "resolved": "https://registry.npmjs.org/pareto-statemachine-core/-/pareto-statemachine-core-0.1.0.tgz",
      "integrity": "sha512-XqoC/61BJFiSM/t68k6TFMqHE8cbNI3xoyOmyrAUJzSjBXr3hUAUUxLIuMmx1SHUjaArQ07B1Glw4qgea0z5MA==",
      "dependencies": {
        "pareto-core-lib": "^0.11.0"
      }
    },
    "node_modules/pareto-statemachine-core/node_modules/pareto-core-lib": {
      "version": "0.11.0",
      "resolved": "https://registry.npmjs.org/pareto-core-lib/-/pareto-core-lib-0.11.0.tgz",
      "integrity": "sha512-1oxjBVEjORAot9gbEuA4hfolvTYi2iju6emT47zMpL/VwtHrVg42chtZAHQPU7AVGD+ItIeuoX4DMG9OnHJeDQ==",
      "dependencies": {
        "pareto-typesystem-core": "^0.4.0"
      }
    },
    "node_modules/pareto-statemachine-core/node_modules/pareto-typesystem-core": {
      "version": "0.4.0",
      "resolved": "https://registry.npmjs.org/pareto-typesystem-core/-/pareto-typesystem-core-0.4.0.tgz",
      "integrity": "sha512-5fk2LTxNyo3TCz/+c9MTcbiWzJLBPL6uHuYXloOKdMtsGQ/djf4josk6NtfdTNpcJSGDapYGbiRm8uxfWp6e0w=="
    },
    "node_modules/pareto-test-lib": {
      "version": "0.29.0",
      "resolved": "https://registry.npmjs.org/pareto-test-lib/-/pareto-test-lib-0.29.0.tgz",
      "integrity": "sha512-GC9WBF4lrvMUMZL7AKgne+8fo3g7TwADCnk5bwQaKVupazDfA4oxxwEvJDiQlJpBJoaWfTLWzUf/uedoYQ5F+A==",
      "dependencies": {
        "pareto-core-async": "^0.25.0",
        "pareto-diff-api": "^0.9.0",
        "pareto-filesystem-api": "^0.29.0",
        "pareto-handledfilesystem-api": "^0.14.0",
        "pareto-core-lib": "^0.11.0"
      }
    },
    "node_modules/pareto-test-lib/node_modules/pareto-core-async": {
      "version": "0.25.0",
      "resolved": "https://registry.npmjs.org/pareto-core-async/-/pareto-core-async-0.25.0.tgz",
      "integrity": "sha512-MIMox9VV3eAbcIA/9Slw6ibasniaFMYdFyVcCHTrCbi8YXh/aCAlNnZc9/9ZA/tQKmbLW2lzjQbylpOD5VWVaA==",
      "dependencies": {
        "pareto-core-lib": "^0.11.0",
        "pareto-statemachine-core": "^0.1.0"
      }
    },
    "node_modules/pareto-test-lib/node_modules/pareto-core-lib": {
      "version": "0.11.0",
      "resolved": "https://registry.npmjs.org/pareto-core-lib/-/pareto-core-lib-0.11.0.tgz",
      "integrity": "sha512-1oxjBVEjORAot9gbEuA4hfolvTYi2iju6emT47zMpL/VwtHrVg42chtZAHQPU7AVGD+ItIeuoX4DMG9OnHJeDQ==",
      "dependencies": {
        "pareto-typesystem-core": "^0.4.0"
      }
    },
    "node_modules/pareto-test-lib/node_modules/pareto-typesystem-core": {
      "version": "0.4.0",
      "resolved": "https://registry.npmjs.org/pareto-typesystem-core/-/pareto-typesystem-core-0.4.0.tgz",
      "integrity": "sha512-5fk2LTxNyo3TCz/+c9MTcbiWzJLBPL6uHuYXloOKdMtsGQ/djf4josk6NtfdTNpcJSGDapYGbiRm8uxfWp6e0w=="
    },
    "node_modules/pareto-typesystem-core": {
      "version": "0.6.0",
      "resolved": "https://registry.npmjs.org/pareto-typesystem-core/-/pareto-typesystem-core-0.6.0.tgz",
      "integrity": "sha512-CJwKu7lYvLBEzNuvbp5Vk8eND0Jsmlburk04/PsknFAx9QiN9EpYhRAQ1oJY4OAh6hZv6WY/kLAAAZu6w2LuxQ=="
    },
    "node_modules/pareto-ugly-stuff-api": {
      "version": "0.10.0",
      "resolved": "https://registry.npmjs.org/pareto-ugly-stuff-api/-/pareto-ugly-stuff-api-0.10.0.tgz",
      "integrity": "sha512-C8ViaFqXmGPivkPWxzg5bc+DDz/nKtXte9RFVBkvw3EUu0O2CzqKdBwB9T46njPXQkYDVvAflRDpcDjWJbbuGA==",
      "dependencies": {
        "pareto-typesystem-core": "^0.4.0"
      }
    },
    "node_modules/pareto-ugly-stuff-api/node_modules/pareto-typesystem-core": {
      "version": "0.4.0",
      "resolved": "https://registry.npmjs.org/pareto-typesystem-core/-/pareto-typesystem-core-0.4.0.tgz",
      "integrity": "sha512-5fk2LTxNyo3TCz/+c9MTcbiWzJLBPL6uHuYXloOKdMtsGQ/djf4josk6NtfdTNpcJSGDapYGbiRm8uxfWp6e0w=="
    },
    "node_modules/pareto-ugly-stuff-res": {
      "version": "0.8.0",
      "resolved": "https://registry.npmjs.org/pareto-ugly-stuff-res/-/pareto-ugly-stuff-res-0.8.0.tgz",
      "integrity": "sha512-I4eqoCDOJXEdiVAHpiGyi25Rw+yMTOY+ixf4f4ZSzO1ekm0H1qCt1xVeEd1NU4kY8VuVjlXvmzyQjnQz/+Vq9g==",
      "dependencies": {
        "pareto-ugly-stuff-api": "^0.10.0"
      }
    }
  },
  "dependencies": {
    "astn-handlers-api": {
      "version": "0.16.0",
      "resolved": "https://registry.npmjs.org/astn-handlers-api/-/astn-handlers-api-0.16.0.tgz",
      "integrity": "sha512-CYsdVhnlGe9rFVtVW6aco2PDocc8GiFaEUiDYQTFrF19+QCdAnGrytwFbVBlPi2d/NT4hV5+IzXPCVfn/stDuw==",
      "requires": {
        "pareto-typesystem-core": "^0.4.0"
      },
      "dependencies": {
        "pareto-typesystem-core": {
          "version": "0.4.0",
          "resolved": "https://registry.npmjs.org/pareto-typesystem-core/-/pareto-typesystem-core-0.4.0.tgz",
          "integrity": "sha512-5fk2LTxNyo3TCz/+c9MTcbiWzJLBPL6uHuYXloOKdMtsGQ/djf4josk6NtfdTNpcJSGDapYGbiRm8uxfWp6e0w=="
        }
      }
    },
    "astn-tokenconsumer-api": {
      "version": "0.5.0",
      "resolved": "https://registry.npmjs.org/astn-tokenconsumer-api/-/astn-tokenconsumer-api-0.5.0.tgz",
      "integrity": "sha512-NKbB0qt/4cLKpxBbiqnKc2akbsf97oqsjUf2l+osMSyLtzQHUgweg2+UhFBWhPj1hGBoCZXZuYLIdz3N/YFBAQ=="
    },
    "astn-tokenizer-api": {
      "version": "0.8.0",
      "resolved": "https://registry.npmjs.org/astn-tokenizer-api/-/astn-tokenizer-api-0.8.0.tgz",
      "integrity": "sha512-ZaKqZ8spQlN/kSU7/WOZP6h+63soNjJy4zghZSeFnSLbrXGCzIRt1rSU5a1AbdDMUoIB1/SvGzDM+GSqn0Y6nQ==",
      "requires": {
        "astn-tokenconsumer-api": "^0.5.0"
      }
    },
    "astn-tokenizer-lib": {
      "version": "0.17.0",
      "resolved": "https://registry.npmjs.org/astn-tokenizer-lib/-/astn-tokenizer-lib-0.17.0.tgz",
      "integrity": "sha512-b/vSzklT1vKIkJC4cJR5moa2GX7Uwjn3gsz0SUx9huX7qFv8RvZNnw0Wa/ff3J96gCl40T0l3dFNuuCOZLKmrw==",
      "requires": {
        "astn-tokenizer-api": "^0.8.0",
        "pareto-core-lib": "^0.6.0"
      },
      "dependencies": {
        "pareto-core-lib": {
          "version": "0.6.0",
          "resolved": "https://registry.npmjs.org/pareto-core-lib/-/pareto-core-lib-0.6.0.tgz",
          "integrity": "sha512-Y365jVSamLVtucErTZnEVLBMAP7m0nBl4+IQ668dXIQHq36tC1na7j1fMRRu2aU5I5ld3U1tV1B46iHudW5+iA==",
          "requires": {
            "pareto-api-core": "^0.3.0"
          }
        }
      }
    },
    "pareto-api-core": {
      "version": "0.3.0",
      "resolved": "https://registry.npmjs.org/pareto-api-core/-/pareto-api-core-0.3.0.tgz",
      "integrity": "sha512-3Ohd8JOwqzGk4eC3BpZR21dLp6hr1I/6AoUf23huzEDbWYmZfN1c9w3S78tm9DGQZ8/sOJl5nEGCaOudOWhohg=="
    },
    "pareto-core-async": {
      "version": "0.26.0",
      "resolved": "https://registry.npmjs.org/pareto-core-async/-/pareto-core-async-0.26.0.tgz",
      "integrity": "sha512-7aQkm1gDlMiw/wXV9eitk0sSFlQwzL8O63jQ39rK0YzQniJS8ASJKp7GScbPpmej2sTyg5mLx0Y2bv1UTMXWHw==",
      "requires": {
        "pareto-core-lib": "^0.4.0",
        "pareto-typesystem-core": "^0.6.0"
      }
    },
    "pareto-core-exe": {
      "version": "0.3.0",
      "resolved": "https://registry.npmjs.org/pareto-core-exe/-/pareto-core-exe-0.3.0.tgz",
      "integrity": "sha512-XDqDk4fVSxnL9o4jcbcA/ML1e4oc6HzGk3GFsGTEju3pGEt8qEU/v1ZP+nUhQzZoLdpscDPxlMJJzEWA6n/d+w=="
    },
    "pareto-diff-api": {
      "version": "0.9.0",
      "resolved": "https://registry.npmjs.org/pareto-diff-api/-/pareto-diff-api-0.9.0.tgz",
      "integrity": "sha512-H/Z6JpQxWSzZ10IcHMCMa4yJkkP9SwDIRCWZqQEXpj9stwChVO5IN/Fd1UQ5XQrR5cB0SzW5OTAi+sAcl4PVSQ==",
      "requires": {
        "pareto-typesystem-core": "^0.4.0"
      },
      "dependencies": {
        "pareto-typesystem-core": {
          "version": "0.4.0",
          "resolved": "https://registry.npmjs.org/pareto-typesystem-core/-/pareto-typesystem-core-0.4.0.tgz",
          "integrity": "sha512-5fk2LTxNyo3TCz/+c9MTcbiWzJLBPL6uHuYXloOKdMtsGQ/djf4josk6NtfdTNpcJSGDapYGbiRm8uxfWp6e0w=="
        }
      }
    },
    "pareto-filesystem-api": {
      "version": "0.29.0",
      "resolved": "https://registry.npmjs.org/pareto-filesystem-api/-/pareto-filesystem-api-0.29.0.tgz",
      "integrity": "sha512-iwfGwP+87OC26u26h7q6zU8wEdYDkmfgyDnfhL6L85lmuBmkMZryaw271Y3dRco2Z9Uqm8zX37w2xfcvu4Z+ZQ==",
      "requires": {
        "pareto-typesystem-core": "^0.4.0"
      },
      "dependencies": {
        "pareto-typesystem-core": {
          "version": "0.4.0",
          "resolved": "https://registry.npmjs.org/pareto-typesystem-core/-/pareto-typesystem-core-0.4.0.tgz",
          "integrity": "sha512-5fk2LTxNyo3TCz/+c9MTcbiWzJLBPL6uHuYXloOKdMtsGQ/djf4josk6NtfdTNpcJSGDapYGbiRm8uxfWp6e0w=="
        }
      }
    },
    "pareto-filesystem-lib": {
      "version": "0.38.0",
      "resolved": "https://registry.npmjs.org/pareto-filesystem-lib/-/pareto-filesystem-lib-0.38.0.tgz",
      "integrity": "sha512-sr/3mkZ1L9jQMw/qXunjspajCG5T8AWIFMY8PEf0LUJugAr8fP46ouRpVwKiggMKDJQ8HredG1WLtaQxdWBBbQ==",
      "requires": {
        "pareto-core-async": "^0.25.0",
        "pareto-filesystem-api": "^0.29.0",
        "pareto-handledfilesystem-api": "^0.14.0",
        "pareto-core-lib": "^0.11.0"
      },
      "dependencies": {
        "pareto-core-async": {
          "version": "0.25.0",
          "resolved": "https://registry.npmjs.org/pareto-core-async/-/pareto-core-async-0.25.0.tgz",
          "integrity": "sha512-MIMox9VV3eAbcIA/9Slw6ibasniaFMYdFyVcCHTrCbi8YXh/aCAlNnZc9/9ZA/tQKmbLW2lzjQbylpOD5VWVaA==",
          "requires": {
            "pareto-core-lib": "^0.11.0",
            "pareto-statemachine-core": "^0.1.0"
          }
        },
        "pareto-core-lib": {
          "version": "0.11.0",
          "resolved": "https://registry.npmjs.org/pareto-core-lib/-/pareto-core-lib-0.11.0.tgz",
          "integrity": "sha512-1oxjBVEjORAot9gbEuA4hfolvTYi2iju6emT47zMpL/VwtHrVg42chtZAHQPU7AVGD+ItIeuoX4DMG9OnHJeDQ==",
          "requires": {
            "pareto-typesystem-core": "^0.4.0"
          }
        },
        "pareto-typesystem-core": {
          "version": "0.4.0",
          "resolved": "https://registry.npmjs.org/pareto-typesystem-core/-/pareto-typesystem-core-0.4.0.tgz",
          "integrity": "sha512-5fk2LTxNyo3TCz/+c9MTcbiWzJLBPL6uHuYXloOKdMtsGQ/djf4josk6NtfdTNpcJSGDapYGbiRm8uxfWp6e0w=="
        }
      }
    },
    "pareto-filesystem-res": {
      "version": "0.40.0",
      "resolved": "https://registry.npmjs.org/pareto-filesystem-res/-/pareto-filesystem-res-0.40.0.tgz",
      "integrity": "sha512-2qwVrdOPfZg0FOFC6HjMblwq9Y9gtkViQ1URtM+OaRqlQq2tGmNNl5p6S++mBquGcN1uZ3P+qK7UogHnvvKLLQ==",
      "requires": {
        "pareto-filesystem-api": "^0.29.0",
        "pareto-handledfilesystem-api": "^0.14.0",
        "pareto-core-lib": "^0.11.0"
      },
      "dependencies": {
        "pareto-core-lib": {
          "version": "0.11.0",
          "resolved": "https://registry.npmjs.org/pareto-core-lib/-/pareto-core-lib-0.11.0.tgz",
          "integrity": "sha512-1oxjBVEjORAot9gbEuA4hfolvTYi2iju6emT47zMpL/VwtHrVg42chtZAHQPU7AVGD+ItIeuoX4DMG9OnHJeDQ==",
          "requires": {
            "pareto-typesystem-core": "^0.4.0"
          }
        },
        "pareto-typesystem-core": {
          "version": "0.4.0",
          "resolved": "https://registry.npmjs.org/pareto-typesystem-core/-/pareto-typesystem-core-0.4.0.tgz",
          "integrity": "sha512-5fk2LTxNyo3TCz/+c9MTcbiWzJLBPL6uHuYXloOKdMtsGQ/djf4josk6NtfdTNpcJSGDapYGbiRm8uxfWp6e0w=="
        }
      }
    },
    "pareto-handledfilesystem-api": {
      "version": "0.14.0",
      "resolved": "https://registry.npmjs.org/pareto-handledfilesystem-api/-/pareto-handledfilesystem-api-0.14.0.tgz",
      "integrity": "sha512-dB3KvTVgEoZkToYdibYQCGhMYn9YBCZmT4WXq6DEe3t/512nYRVAyZVwkPTPjCrwVnTaJ6RDiuOri1HZAk7vwQ==",
      "requires": {
        "pareto-typesystem-core": "^0.4.0"
      },
      "dependencies": {
        "pareto-typesystem-core": {
          "version": "0.4.0",
          "resolved": "https://registry.npmjs.org/pareto-typesystem-core/-/pareto-typesystem-core-0.4.0.tgz",
          "integrity": "sha512-5fk2LTxNyo3TCz/+c9MTcbiWzJLBPL6uHuYXloOKdMtsGQ/djf4josk6NtfdTNpcJSGDapYGbiRm8uxfWp6e0w=="
        }
      }
    },
    "pareto-core-lib": {
      "version": "0.13.0",
      "resolved": "https://registry.npmjs.org/pareto-core-lib/-/pareto-core-lib-0.13.0.tgz",
      "integrity": "sha512-fVEIhq2G7ZJ9VDowMaftS8MhyGCShQkk8h0JFFWLsEm3usM//gffdeOfxKBdoPa8gdKskVozv3wbWf6jFTnEUQ==",
      "requires": {
        "pareto-typesystem-core": "^0.6.0"
      }
    },
    "pareto-statemachine-core": {
      "version": "0.1.0",
      "resolved": "https://registry.npmjs.org/pareto-statemachine-core/-/pareto-statemachine-core-0.1.0.tgz",
      "integrity": "sha512-XqoC/61BJFiSM/t68k6TFMqHE8cbNI3xoyOmyrAUJzSjBXr3hUAUUxLIuMmx1SHUjaArQ07B1Glw4qgea0z5MA==",
      "requires": {
        "pareto-core-lib": "^0.11.0"
      },
      "dependencies": {
        "pareto-core-lib": {
          "version": "0.11.0",
          "resolved": "https://registry.npmjs.org/pareto-core-lib/-/pareto-core-lib-0.11.0.tgz",
          "integrity": "sha512-1oxjBVEjORAot9gbEuA4hfolvTYi2iju6emT47zMpL/VwtHrVg42chtZAHQPU7AVGD+ItIeuoX4DMG9OnHJeDQ==",
          "requires": {
            "pareto-typesystem-core": "^0.4.0"
          }
        },
        "pareto-typesystem-core": {
          "version": "0.4.0",
          "resolved": "https://registry.npmjs.org/pareto-typesystem-core/-/pareto-typesystem-core-0.4.0.tgz",
          "integrity": "sha512-5fk2LTxNyo3TCz/+c9MTcbiWzJLBPL6uHuYXloOKdMtsGQ/djf4josk6NtfdTNpcJSGDapYGbiRm8uxfWp6e0w=="
        }
      }
    },
    "pareto-test-lib": {
      "version": "0.29.0",
      "resolved": "https://registry.npmjs.org/pareto-test-lib/-/pareto-test-lib-0.29.0.tgz",
      "integrity": "sha512-GC9WBF4lrvMUMZL7AKgne+8fo3g7TwADCnk5bwQaKVupazDfA4oxxwEvJDiQlJpBJoaWfTLWzUf/uedoYQ5F+A==",
      "requires": {
        "pareto-core-async": "^0.25.0",
        "pareto-diff-api": "^0.9.0",
        "pareto-filesystem-api": "^0.29.0",
        "pareto-handledfilesystem-api": "^0.14.0",
        "pareto-core-lib": "^0.11.0"
      },
      "dependencies": {
        "pareto-core-async": {
          "version": "0.25.0",
          "resolved": "https://registry.npmjs.org/pareto-core-async/-/pareto-core-async-0.25.0.tgz",
          "integrity": "sha512-MIMox9VV3eAbcIA/9Slw6ibasniaFMYdFyVcCHTrCbi8YXh/aCAlNnZc9/9ZA/tQKmbLW2lzjQbylpOD5VWVaA==",
          "requires": {
            "pareto-core-lib": "^0.11.0",
            "pareto-statemachine-core": "^0.1.0"
          }
        },
        "pareto-core-lib": {
          "version": "0.11.0",
          "resolved": "https://registry.npmjs.org/pareto-core-lib/-/pareto-core-lib-0.11.0.tgz",
          "integrity": "sha512-1oxjBVEjORAot9gbEuA4hfolvTYi2iju6emT47zMpL/VwtHrVg42chtZAHQPU7AVGD+ItIeuoX4DMG9OnHJeDQ==",
          "requires": {
            "pareto-typesystem-core": "^0.4.0"
          }
        },
        "pareto-typesystem-core": {
          "version": "0.4.0",
          "resolved": "https://registry.npmjs.org/pareto-typesystem-core/-/pareto-typesystem-core-0.4.0.tgz",
          "integrity": "sha512-5fk2LTxNyo3TCz/+c9MTcbiWzJLBPL6uHuYXloOKdMtsGQ/djf4josk6NtfdTNpcJSGDapYGbiRm8uxfWp6e0w=="
        }
      }
    },
    "pareto-typesystem-core": {
      "version": "0.6.0",
      "resolved": "https://registry.npmjs.org/pareto-typesystem-core/-/pareto-typesystem-core-0.6.0.tgz",
      "integrity": "sha512-CJwKu7lYvLBEzNuvbp5Vk8eND0Jsmlburk04/PsknFAx9QiN9EpYhRAQ1oJY4OAh6hZv6WY/kLAAAZu6w2LuxQ=="
    },
    "pareto-ugly-stuff-api": {
      "version": "0.10.0",
      "resolved": "https://registry.npmjs.org/pareto-ugly-stuff-api/-/pareto-ugly-stuff-api-0.10.0.tgz",
      "integrity": "sha512-C8ViaFqXmGPivkPWxzg5bc+DDz/nKtXte9RFVBkvw3EUu0O2CzqKdBwB9T46njPXQkYDVvAflRDpcDjWJbbuGA==",
      "requires": {
        "pareto-typesystem-core": "^0.4.0"
      },
      "dependencies": {
        "pareto-typesystem-core": {
          "version": "0.4.0",
          "resolved": "https://registry.npmjs.org/pareto-typesystem-core/-/pareto-typesystem-core-0.4.0.tgz",
          "integrity": "sha512-5fk2LTxNyo3TCz/+c9MTcbiWzJLBPL6uHuYXloOKdMtsGQ/djf4josk6NtfdTNpcJSGDapYGbiRm8uxfWp6e0w=="
        }
      }
    },
    "pareto-ugly-stuff-res": {
      "version": "0.8.0",
      "resolved": "https://registry.npmjs.org/pareto-ugly-stuff-res/-/pareto-ugly-stuff-res-0.8.0.tgz",
      "integrity": "sha512-I4eqoCDOJXEdiVAHpiGyi25Rw+yMTOY+ixf4f4ZSzO1ekm0H1qCt1xVeEd1NU4kY8VuVjlXvmzyQjnQz/+Vq9g==",
      "requires": {
        "pareto-ugly-stuff-api": "^0.10.0"
      }
    }
  }
}
