{
  "name": "astn-parser-lib",
  "version": "0.23.0",
  "lockfileVersion": 2,
  "requires": true,
  "packages": {
    "": {
      "name": "astn-parser-lib",
      "version": "0.23.0",
      "license": "ISC",
      "dependencies": {
        "astn-handlers-api": "^0.16.0",
        "astn-tokenconsumer-api": "^0.8.0",
        "pareto-core-lib": "^0.4.0",
        "pareto-statemachine-core": "^0.4.0"
      }
    },
    "node_modules/astn-handlers-api": {
      "version": "0.16.0",
      "resolved": "https://registry.npmjs.org/astn-handlers-api/-/astn-handlers-api-0.16.0.tgz",
      "integrity": "sha512-CYsdVhnlGe9rFVtVW6aco2PDocc8GiFaEUiDYQTFrF19+QCdAnGrytwFbVBlPi2d/NT4hV5+IzXPCVfn/stDuw==",
      "dependencies": {
        "pareto-typesystem-core": "^0.4.0"
      }
    },
    "node_modules/astn-tokenconsumer-api": {
      "version": "0.8.0",
      "resolved": "https://registry.npmjs.org/astn-tokenconsumer-api/-/astn-tokenconsumer-api-0.8.0.tgz",
      "integrity": "sha512-K52ochIFuq9uYjprXb7a3PZ5xarLrbRVd7gYEvv8r1SXYXS2+KKOOyFBxgbhbeOZoGoQHkJC+QBR8wfYteSEEQ==",
      "dependencies": {
        "pareto-typesystem-core": "^0.4.0"
      }
    },
    "node_modules/pareto-core-lib": {
      "version": "0.13.0",
      "resolved": "https://registry.npmjs.org/pareto-core-lib/-/pareto-core-lib-0.13.0.tgz",
      "integrity": "sha512-fVEIhq2G7ZJ9VDowMaftS8MhyGCShQkk8h0JFFWLsEm3usM//gffdeOfxKBdoPa8gdKskVozv3wbWf6jFTnEUQ==",
      "dependencies": {
        "pareto-typesystem-core": "^0.6.0"
      }
    },
    "node_modules/pareto-core-lib/node_modules/pareto-typesystem-core": {
      "version": "0.6.0",
      "resolved": "https://registry.npmjs.org/pareto-typesystem-core/-/pareto-typesystem-core-0.6.0.tgz",
      "integrity": "sha512-CJwKu7lYvLBEzNuvbp5Vk8eND0Jsmlburk04/PsknFAx9QiN9EpYhRAQ1oJY4OAh6hZv6WY/kLAAAZu6w2LuxQ=="
    },
    "node_modules/pareto-statemachine-core": {
      "version": "0.4.0",
      "resolved": "https://registry.npmjs.org/pareto-statemachine-core/-/pareto-statemachine-core-0.4.0.tgz",
      "integrity": "sha512-gQy03fHBufICERPmPo+YsKiSI3YV9m61YehciS7aDbgoqyeZ0pKvBlkTWsT9PgRGAVT8677gzNsh0mRRbGLgjw==",
      "dependencies": {
        "pareto-core-lib": "^0.4.0"
      }
    },
    "node_modules/pareto-typesystem-core": {
      "version": "0.4.0",
      "resolved": "https://registry.npmjs.org/pareto-typesystem-core/-/pareto-typesystem-core-0.4.0.tgz",
      "integrity": "sha512-5fk2LTxNyo3TCz/+c9MTcbiWzJLBPL6uHuYXloOKdMtsGQ/djf4josk6NtfdTNpcJSGDapYGbiRm8uxfWp6e0w=="
    }
  },
  "dependencies": {
    "astn-handlers-api": {
      "version": "0.16.0",
      "resolved": "https://registry.npmjs.org/astn-handlers-api/-/astn-handlers-api-0.16.0.tgz",
      "integrity": "sha512-CYsdVhnlGe9rFVtVW6aco2PDocc8GiFaEUiDYQTFrF19+QCdAnGrytwFbVBlPi2d/NT4hV5+IzXPCVfn/stDuw==",
      "requires": {
        "pareto-typesystem-core": "^0.4.0"
      }
    },
    "astn-tokenconsumer-api": {
      "version": "0.8.0",
      "resolved": "https://registry.npmjs.org/astn-tokenconsumer-api/-/astn-tokenconsumer-api-0.8.0.tgz",
      "integrity": "sha512-K52ochIFuq9uYjprXb7a3PZ5xarLrbRVd7gYEvv8r1SXYXS2+KKOOyFBxgbhbeOZoGoQHkJC+QBR8wfYteSEEQ==",
      "requires": {
        "pareto-typesystem-core": "^0.4.0"
      }
    },
    "pareto-core-lib": {
      "version": "0.13.0",
      "resolved": "https://registry.npmjs.org/pareto-core-lib/-/pareto-core-lib-0.13.0.tgz",
      "integrity": "sha512-fVEIhq2G7ZJ9VDowMaftS8MhyGCShQkk8h0JFFWLsEm3usM//gffdeOfxKBdoPa8gdKskVozv3wbWf6jFTnEUQ==",
      "requires": {
        "pareto-typesystem-core": "^0.6.0"
      },
      "dependencies": {
        "pareto-typesystem-core": {
          "version": "0.6.0",
          "resolved": "https://registry.npmjs.org/pareto-typesystem-core/-/pareto-typesystem-core-0.6.0.tgz",
          "integrity": "sha512-CJwKu7lYvLBEzNuvbp5Vk8eND0Jsmlburk04/PsknFAx9QiN9EpYhRAQ1oJY4OAh6hZv6WY/kLAAAZu6w2LuxQ=="
        }
      }
    },
    "pareto-statemachine-core": {
      "version": "0.4.0",
      "resolved": "https://registry.npmjs.org/pareto-statemachine-core/-/pareto-statemachine-core-0.4.0.tgz",
      "integrity": "sha512-gQy03fHBufICERPmPo+YsKiSI3YV9m61YehciS7aDbgoqyeZ0pKvBlkTWsT9PgRGAVT8677gzNsh0mRRbGLgjw==",
      "requires": {
        "pareto-core-lib": "^0.4.0"
      }
    },
    "pareto-typesystem-core": {
      "version": "0.4.0",
      "resolved": "https://registry.npmjs.org/pareto-typesystem-core/-/pareto-typesystem-core-0.4.0.tgz",
      "integrity": "sha512-5fk2LTxNyo3TCz/+c9MTcbiWzJLBPL6uHuYXloOKdMtsGQ/djf4josk6NtfdTNpcJSGDapYGbiRm8uxfWp6e0w=="
    }
  }
}
